
Microsoft Visual Studio Solution File, Format Version 12.00
# Visual Studio Version 16
VisualStudioVersion = 16.0.29911.84
MinimumVisualStudioVersion = 10.0.40219.1
Project("{FAE04EC0-301F-11D3-BF4B-00C04F79EFBC}") = "StudentExercisesMVC", "StudentExercisesMVC\StudentExercisesMVC.csproj", "{1C7302B8-9BD1-4B6C-83AE-957288049EF3}"
EndProject
Global
	GlobalSection(SolutionConfigurationPlatforms) = preSolution
		Debug|Any CPU = Debug|Any CPU
		Release|Any CPU = Release|Any CPU
	EndGlobalSection
	GlobalSection(ProjectConfigurationPlatforms) = postSolution
		{1C7302B8-9BD1-4B6C-83AE-957288049EF3}.Debug|Any CPU.ActiveCfg = Debug|Any CPU
		{1C7302B8-9BD1-4B6C-83AE-957288049EF3}.Debug|Any CPU.Build.0 = Debug|Any CPU
		{1C7302B8-9BD1-4B6C-83AE-957288049EF3}.Release|Any CPU.ActiveCfg = Release|Any CPU
		{1C7302B8-9BD1-4B6C-83AE-957288049EF3}.Release|Any CPU.Build.0 = Release|Any CPU
	EndGlobalSection
	GlobalSection(SolutionProperties) = preSolution
		HideSolutionNode = FALSE
	EndGlobalSection
	GlobalSection(ExtensibilityGlobals) = postSolution
		SolutionGuid = {4470DE3F-29DF-44EC-8EEE-891D53579473}
	EndGlobalSection
EndGlobal
